// !$*UTF8*$!
{
	archiveVersion = 1;
	classes = {
	};
	objectVersion = 55;
	objects = {

/* Begin PBXBuildFile section */
		912340E12722ACD1000DD8C3 /* DreamsPage.swift in Sources */ = {isa = PBXBuildFile; fileRef = 912340E02722ACD1000DD8C3 /* DreamsPage.swift */; };
		912340E427231BFC000DD8C3 /* TabBarView.swift in Sources */ = {isa = PBXBuildFile; fileRef = 912340E327231BFC000DD8C3 /* TabBarView.swift */; };
		9194E35227206D2B006DDF3B /* Color+Extension.swift in Sources */ = {isa = PBXBuildFile; fileRef = 9194E35127206D2B006DDF3B /* Color+Extension.swift */; };
		919790FF272DDE3000530276 /* StatsView.swift in Sources */ = {isa = PBXBuildFile; fileRef = 919790FE272DDE3000530276 /* StatsView.swift */; };
		919BE0022720561F00800A86 /* dreamsApp.swift in Sources */ = {isa = PBXBuildFile; fileRef = 919BE0012720561F00800A86 /* dreamsApp.swift */; };
		919BE0042720561F00800A86 /* ContentView.swift in Sources */ = {isa = PBXBuildFile; fileRef = 919BE0032720561F00800A86 /* ContentView.swift */; };
		919BE0062720562300800A86 /* Assets.xcassets in Resources */ = {isa = PBXBuildFile; fileRef = 919BE0052720562300800A86 /* Assets.xcassets */; };
		919BE0092720562300800A86 /* Preview Assets.xcassets in Resources */ = {isa = PBXBuildFile; fileRef = 919BE0082720562300800A86 /* Preview Assets.xcassets */; };
		919BE00B2720562300800A86 /* DataController.swift in Sources */ = {isa = PBXBuildFile; fileRef = 919BE00A2720562300800A86 /* DataController.swift */; };
		919BE00E2720562300800A86 /* dreams.xcdatamodeld in Sources */ = {isa = PBXBuildFile; fileRef = 919BE00C2720562300800A86 /* dreams.xcdatamodeld */; };
		919BE0152720577700800A86 /* Dream.swift in Sources */ = {isa = PBXBuildFile; fileRef = 919BE0142720577700800A86 /* Dream.swift */; };
		91BE97542732C6B1002FA5E5 /* TableView.swift in Sources */ = {isa = PBXBuildFile; fileRef = 91BE97532732C6B1002FA5E5 /* TableView.swift */; };
		91E1631B272EE0F700DE5644 /* Font+Extensions.swift in Sources */ = {isa = PBXBuildFile; fileRef = 91E1631A272EE0F700DE5644 /* Font+Extensions.swift */; };
		91E1631D272EEB3200DE5644 /* CustomNightBackground.swift in Sources */ = {isa = PBXBuildFile; fileRef = 91E1631C272EEB3200DE5644 /* CustomNightBackground.swift */; };
/* End PBXBuildFile section */

/* Begin PBXFileReference section */
		912340E02722ACD1000DD8C3 /* DreamsPage.swift */ = {isa = PBXFileReference; lastKnownFileType = sourcecode.swift; path = DreamsPage.swift; sourceTree = "<group>"; };
		912340E327231BFC000DD8C3 /* TabBarView.swift */ = {isa = PBXFileReference; lastKnownFileType = sourcecode.swift; path = TabBarView.swift; sourceTree = "<group>"; };
		9194E35127206D2B006DDF3B /* Color+Extension.swift */ = {isa = PBXFileReference; lastKnownFileType = sourcecode.swift; path = "Color+Extension.swift"; sourceTree = "<group>"; };
		919790FE272DDE3000530276 /* StatsView.swift */ = {isa = PBXFileReference; lastKnownFileType = sourcecode.swift; path = StatsView.swift; sourceTree = "<group>"; };
		919BDFFE2720561F00800A86 /* dreams.app */ = {isa = PBXFileReference; explicitFileType = wrapper.application; includeInIndex = 0; path = dreams.app; sourceTree = BUILT_PRODUCTS_DIR; };
		919BE0012720561F00800A86 /* dreamsApp.swift */ = {isa = PBXFileReference; lastKnownFileType = sourcecode.swift; path = dreamsApp.swift; sourceTree = "<group>"; };
		919BE0032720561F00800A86 /* ContentView.swift */ = {isa = PBXFileReference; lastKnownFileType = sourcecode.swift; path = ContentView.swift; sourceTree = "<group>"; };
		919BE0052720562300800A86 /* Assets.xcassets */ = {isa = PBXFileReference; lastKnownFileType = folder.assetcatalog; path = Assets.xcassets; sourceTree = "<group>"; };
		919BE0082720562300800A86 /* Preview Assets.xcassets */ = {isa = PBXFileReference; lastKnownFileType = folder.assetcatalog; path = "Preview Assets.xcassets"; sourceTree = "<group>"; };
		919BE00A2720562300800A86 /* DataController.swift */ = {isa = PBXFileReference; lastKnownFileType = sourcecode.swift; path = DataController.swift; sourceTree = "<group>"; };
		919BE00D2720562300800A86 /* dreams.xcdatamodel */ = {isa = PBXFileReference; lastKnownFileType = wrapper.xcdatamodel; path = dreams.xcdatamodel; sourceTree = "<group>"; };
		919BE0142720577700800A86 /* Dream.swift */ = {isa = PBXFileReference; lastKnownFileType = sourcecode.swift; path = Dream.swift; sourceTree = "<group>"; };
		91BE97532732C6B1002FA5E5 /* TableView.swift */ = {isa = PBXFileReference; lastKnownFileType = sourcecode.swift; path = TableView.swift; sourceTree = "<group>"; };
		91E1631A272EE0F700DE5644 /* Font+Extensions.swift */ = {isa = PBXFileReference; lastKnownFileType = sourcecode.swift; path = "Font+Extensions.swift"; sourceTree = "<group>"; };
		91E1631C272EEB3200DE5644 /* CustomNightBackground.swift */ = {isa = PBXFileReference; lastKnownFileType = sourcecode.swift; path = CustomNightBackground.swift; sourceTree = "<group>"; };
/* End PBXFileReference section */

/* Begin PBXFrameworksBuildPhase section */
		919BDFFB2720561F00800A86 /* Frameworks */ = {
			isa = PBXFrameworksBuildPhase;
			buildActionMask = 2147483647;
			files = (
			);
			runOnlyForDeploymentPostprocessing = 0;
		};
/* End PBXFrameworksBuildPhase section */

/* Begin PBXGroup section */
		912340E22722ACD6000DD8C3 /* Views */ = {
			isa = PBXGroup;
			children = (
				91BE97552732C6C9002FA5E5 /* BackgroundView */,
				912340E02722ACD1000DD8C3 /* DreamsPage.swift */,
				912340E327231BFC000DD8C3 /* TabBarView.swift */,
				919790FE272DDE3000530276 /* StatsView.swift */,
				91BE97532732C6B1002FA5E5 /* TableView.swift */,
			);
			path = Views;
			sourceTree = "<group>";
		};
		9194E35327206D3D006DDF3B /* Extensions */ = {
			isa = PBXGroup;
			children = (
				9194E35127206D2B006DDF3B /* Color+Extension.swift */,
				91E1631A272EE0F700DE5644 /* Font+Extensions.swift */,
			);
			path = Extensions;
			sourceTree = "<group>";
		};
		919BDFF52720561E00800A86 = {
			isa = PBXGroup;
			children = (
				919BE0002720561F00800A86 /* dreams */,
				919BDFFF2720561F00800A86 /* Products */,
			);
			sourceTree = "<group>";
		};
		919BDFFF2720561F00800A86 /* Products */ = {
			isa = PBXGroup;
			children = (
				919BDFFE2720561F00800A86 /* dreams.app */,
			);
			name = Products;
			sourceTree = "<group>";
		};
		919BE0002720561F00800A86 /* dreams */ = {
			isa = PBXGroup;
			children = (
				919BE0012720561F00800A86 /* dreamsApp.swift */,
				919BE00A2720562300800A86 /* DataController.swift */,
				919BE0032720561F00800A86 /* ContentView.swift */,
				919BE0162720579200800A86 /* Modules */,
				9194E35327206D3D006DDF3B /* Extensions */,
				912340E22722ACD6000DD8C3 /* Views */,
				919BE0052720562300800A86 /* Assets.xcassets */,
				919BE00C2720562300800A86 /* dreams.xcdatamodeld */,
				919BE0072720562300800A86 /* Preview Content */,
			);
			path = dreams;
			sourceTree = "<group>";
		};
		919BE0072720562300800A86 /* Preview Content */ = {
			isa = PBXGroup;
			children = (
				919BE0082720562300800A86 /* Preview Assets.xcassets */,
			);
			path = "Preview Content";
			sourceTree = "<group>";
		};
		919BE0162720579200800A86 /* Modules */ = {
			isa = PBXGroup;
			children = (
				919BE0142720577700800A86 /* Dream.swift */,
			);
			path = Modules;
			sourceTree = "<group>";
		};
		91BE97552732C6C9002FA5E5 /* BackgroundView */ = {
			isa = PBXGroup;
			children = (
				91E1631C272EEB3200DE5644 /* CustomNightBackground.swift */,
			);
			path = BackgroundView;
			sourceTree = "<group>";
		};
/* End PBXGroup section */

/* Begin PBXNativeTarget section */
		919BDFFD2720561F00800A86 /* dreams */ = {
			isa = PBXNativeTarget;
			buildConfigurationList = 919BE0112720562300800A86 /* Build configuration list for PBXNativeTarget "dreams" */;
			buildPhases = (
				919BDFFA2720561F00800A86 /* Sources */,
				919BDFFB2720561F00800A86 /* Frameworks */,
				919BDFFC2720561F00800A86 /* Resources */,
			);
			buildRules = (
			);
			dependencies = (
			);
			name = dreams;
			productName = dreams;
			productReference = 919BDFFE2720561F00800A86 /* dreams.app */;
			productType = "com.apple.product-type.application";
		};
/* End PBXNativeTarget section */

/* Begin PBXProject section */
		919BDFF62720561E00800A86 /* Project object */ = {
			isa = PBXProject;
			attributes = {
				BuildIndependentTargetsInParallel = 1;
				LastSwiftUpdateCheck = 1300;
				LastUpgradeCheck = 1300;
				TargetAttributes = {
					919BDFFD2720561F00800A86 = {
						CreatedOnToolsVersion = 13.0;
					};
				};
			};
			buildConfigurationList = 919BDFF92720561E00800A86 /* Build configuration list for PBXProject "dreams" */;
			compatibilityVersion = "Xcode 13.0";
			developmentRegion = en;
			hasScannedForEncodings = 0;
			knownRegions = (
				en,
				Base,
			);
			mainGroup = 919BDFF52720561E00800A86;
			productRefGroup = 919BDFFF2720561F00800A86 /* Products */;
			projectDirPath = "";
			projectRoot = "";
			targets = (
				919BDFFD2720561F00800A86 /* dreams */,
			);
		};
/* End PBXProject section */

/* Begin PBXResourcesBuildPhase section */
		919BDFFC2720561F00800A86 /* Resources */ = {
			isa = PBXResourcesBuildPhase;
			buildActionMask = 2147483647;
			files = (
				919BE0092720562300800A86 /* Preview Assets.xcassets in Resources */,
				919BE0062720562300800A86 /* Assets.xcassets in Resources */,
			);
			runOnlyForDeploymentPostprocessing = 0;
		};
/* End PBXResourcesBuildPhase section */

/* Begin PBXSourcesBuildPhase section */
		919BDFFA2720561F00800A86 /* Sources */ = {
			isa = PBXSourcesBuildPhase;
			buildActionMask = 2147483647;
			files = (
				912340E12722ACD1000DD8C3 /* DreamsPage.swift in Sources */,
				91BE97542732C6B1002FA5E5 /* TableView.swift in Sources */,
				919BE00B2720562300800A86 /* DataController.swift in Sources */,
				91E1631B272EE0F700DE5644 /* Font+Extensions.swift in Sources */,
				912340E427231BFC000DD8C3 /* TabBarView.swift in Sources */,
				9194E35227206D2B006DDF3B /* Color+Extension.swift in Sources */,
				91E1631D272EEB3200DE5644 /* CustomNightBackground.swift in Sources */,
				919BE0042720561F00800A86 /* ContentView.swift in Sources */,
				919BE0022720561F00800A86 /* dreamsApp.swift in Sources */,
				919BE0152720577700800A86 /* Dream.swift in Sources */,
				919BE00E2720562300800A86 /* dreams.xcdatamodeld in Sources */,
				919790FF272DDE3000530276 /* StatsView.swift in Sources */,
			);
			runOnlyForDeploymentPostprocessing = 0;
		};
/* End PBXSourcesBuildPhase section */

/* Begin XCBuildConfiguration section */
		919BE00F2720562300800A86 /* Debug */ = {
			isa = XCBuildConfiguration;
			buildSettings = {
				ALWAYS_SEARCH_USER_PATHS = NO;
				CLANG_ANALYZER_NONNULL = YES;
				CLANG_ANALYZER_NUMBER_OBJECT_CONVERSION = YES_AGGRESSIVE;
				CLANG_CXX_LANGUAGE_STANDARD = "gnu++14";
				CLANG_CXX_LIBRARY = "libc++";
				CLANG_ENABLE_MODULES = YES;
				CLANG_ENABLE_OBJC_ARC = YES;
				CLANG_ENABLE_OBJC_WEAK = YES;
				CLANG_WARN_BLOCK_CAPTURE_AUTORELEASING = YES;
				CLANG_WARN_BOOL_CONVERSION = YES;
				CLANG_WARN_COMMA = YES;
				CLANG_WARN_CONSTANT_CONVERSION = YES;
				CLANG_WARN_DEPRECATED_OBJC_IMPLEMENTATIONS = YES;
				CLANG_WARN_DIRECT_OBJC_ISA_USAGE = YES_ERROR;
				CLANG_WARN_DOCUMENTATION_COMMENTS = YES;
				CLANG_WARN_EMPTY_BODY = YES;
				CLANG_WARN_ENUM_CONVERSION = YES;
				CLANG_WARN_INFINITE_RECURSION = YES;
				CLANG_WARN_INT_CONVERSION = YES;
				CLANG_WARN_NON_LITERAL_NULL_CONVERSION = YES;
				CLANG_WARN_OBJC_IMPLICIT_RETAIN_SELF = YES;
				CLANG_WARN_OBJC_LITERAL_CONVERSION = YES;
				CLANG_WARN_OBJC_ROOT_CLASS = YES_ERROR;
				CLANG_WARN_QUOTED_INCLUDE_IN_FRAMEWORK_HEADER = YES;
				CLANG_WARN_RANGE_LOOP_ANALYSIS = YES;
				CLANG_WARN_STRICT_PROTOTYPES = YES;
				CLANG_WARN_SUSPICIOUS_MOVE = YES;
				CLANG_WARN_UNGUARDED_AVAILABILITY = YES_AGGRESSIVE;
				CLANG_WARN_UNREACHABLE_CODE = YES;
				CLANG_WARN__DUPLICATE_METHOD_MATCH = YES;
				COPY_PHASE_STRIP = NO;
				DEBUG_INFORMATION_FORMAT = dwarf;
				ENABLE_STRICT_OBJC_MSGSEND = YES;
				ENABLE_TESTABILITY = YES;
				GCC_C_LANGUAGE_STANDARD = gnu11;
				GCC_DYNAMIC_NO_PIC = NO;
				GCC_NO_COMMON_BLOCKS = YES;
				GCC_OPTIMIZATION_LEVEL = 0;
				GCC_PREPROCESSOR_DEFINITIONS = (
					"DEBUG=1",
					"$(inherited)",
				);
				GCC_WARN_64_TO_32_BIT_CONVERSION = YES;
				GCC_WARN_ABOUT_RETURN_TYPE = YES_ERROR;
				GCC_WARN_UNDECLARED_SELECTOR = YES;
				GCC_WARN_UNINITIALIZED_AUTOS = YES_AGGRESSIVE;
				GCC_WARN_UNUSED_FUNCTION = YES;
				GCC_WARN_UNUSED_VARIABLE = YES;
				IPHONEOS_DEPLOYMENT_TARGET = 15.0;
				MTL_ENABLE_DEBUG_INFO = INCLUDE_SOURCE;
				MTL_FAST_MATH = YES;
				ONLY_ACTIVE_ARCH = YES;
				SDKROOT = iphoneos;
				SWIFT_ACTIVE_COMPILATION_CONDITIONS = DEBUG;
				SWIFT_OPTIMIZATION_LEVEL = "-Onone";
			};
			name = Debug;
		};
		919BE0102720562300800A86 /* Release */ = {
			isa = XCBuildConfiguration;
			buildSettings = {
				ALWAYS_SEARCH_USER_PATHS = NO;
				CLANG_ANALYZER_NONNULL = YES;
				CLANG_ANALYZER_NUMBER_OBJECT_CONVERSION = YES_AGGRESSIVE;
				CLANG_CXX_LANGUAGE_STANDARD = "gnu++14";
				CLANG_CXX_LIBRARY = "libc++";
				CLANG_ENABLE_MODULES = YES;
				CLANG_ENABLE_OBJC_ARC = YES;
				CLANG_ENABLE_OBJC_WEAK = YES;
				CLANG_WARN_BLOCK_CAPTURE_AUTORELEASING = YES;
				CLANG_WARN_BOOL_CONVERSION = YES;
				CLANG_WARN_COMMA = YES;
				CLANG_WARN_CONSTANT_CONVERSION = YES;
				CLANG_WARN_DEPRECATED_OBJC_IMPLEMENTATIONS = YES;
				CLANG_WARN_DIRECT_OBJC_ISA_USAGE = YES_ERROR;
				CLANG_WARN_DOCUMENTATION_COMMENTS = YES;
				CLANG_WARN_EMPTY_BODY = YES;
				CLANG_WARN_ENUM_CONVERSION = YES;
				CLANG_WARN_INFINITE_RECURSION = YES;
				CLANG_WARN_INT_CONVERSION = YES;
				CLANG_WARN_NON_LITERAL_NULL_CONVERSION = YES;
				CLANG_WARN_OBJC_IMPLICIT_RETAIN_SELF = YES;
				CLANG_WARN_OBJC_LITERAL_CONVERSION = YES;
				CLANG_WARN_OBJC_ROOT_CLASS = YES_ERROR;
				CLANG_WARN_QUOTED_INCLUDE_IN_FRAMEWORK_HEADER = YES;
				CLANG_WARN_RANGE_LOOP_ANALYSIS = YES;
				CLANG_WARN_STRICT_PROTOTYPES = YES;
				CLANG_WARN_SUSPICIOUS_MOVE = YES;
				CLANG_WARN_UNGUARDED_AVAILABILITY = YES_AGGRESSIVE;
				CLANG_WARN_UNREACHABLE_CODE = YES;
				CLANG_WARN__DUPLICATE_METHOD_MATCH = YES;
				COPY_PHASE_STRIP = NO;
				DEBUG_INFORMATION_FORMAT = "dwarf-with-dsym";
				ENABLE_NS_ASSERTIONS = NO;
				ENABLE_STRICT_OBJC_MSGSEND = YES;
				GCC_C_LANGUAGE_STANDARD = gnu11;
				GCC_NO_COMMON_BLOCKS = YES;
				GCC_WARN_64_TO_32_BIT_CONVERSION = YES;
				GCC_WARN_ABOUT_RETURN_TYPE = YES_ERROR;
				GCC_WARN_UNDECLARED_SELECTOR = YES;
				GCC_WARN_UNINITIALIZED_AUTOS = YES_AGGRESSIVE;
				GCC_WARN_UNUSED_FUNCTION = YES;
				GCC_WARN_UNUSED_VARIABLE = YES;
				IPHONEOS_DEPLOYMENT_TARGET = 15.0;
				MTL_ENABLE_DEBUG_INFO = NO;
				MTL_FAST_MATH = YES;
				SDKROOT = iphoneos;
				SWIFT_COMPILATION_MODE = wholemodule;
				SWIFT_OPTIMIZATION_LEVEL = "-O";
				VALIDATE_PRODUCT = YES;
			};
			name = Release;
		};
		919BE0122720562300800A86 /* Debug */ = {
			isa = XCBuildConfiguration;
			buildSettings = {
				ASSETCATALOG_COMPILER_APPICON_NAME = AppIcon;
				ASSETCATALOG_COMPILER_GLOBAL_ACCENT_COLOR_NAME = AccentColor;
				CODE_SIGN_STYLE = Automatic;
				CURRENT_PROJECT_VERSION = 1;
				DEVELOPMENT_ASSET_PATHS = "\"dreams/Preview Content\"";
				DEVELOPMENT_TEAM = 93HP7KN2HJ;
				ENABLE_PREVIEWS = YES;
				GENERATE_INFOPLIST_FILE = YES;
				INFOPLIST_KEY_UIApplicationSceneManifest_Generation = YES;
				INFOPLIST_KEY_UIApplicationSupportsIndirectInputEvents = YES;
				INFOPLIST_KEY_UILaunchScreen_Generation = YES;
				INFOPLIST_KEY_UISupportedInterfaceOrientations_iPad = "UIInterfaceOrientationPortrait UIInterfaceOrientationPortraitUpsideDown UIInterfaceOrientationLandscapeLeft UIInterfaceOrientationLandscapeRight";
				INFOPLIST_KEY_UISupportedInterfaceOrientations_iPhone = "UIInterfaceOrientationPortrait UIInterfaceOrientationLandscapeLeft UIInterfaceOrientationLandscapeRight";
				IPHONEOS_DEPLOYMENT_TARGET = 14.0;
				LD_RUNPATH_SEARCH_PATHS = (
					"$(inherited)",
					"@executable_path/Frameworks",
				);
				MARKETING_VERSION = 1.0;
				PRODUCT_BUNDLE_IDENTIFIER = pamapp.dreams;
				PRODUCT_NAME = "$(TARGET_NAME)";
				SWIFT_EMIT_LOC_STRINGS = YES;
				SWIFT_VERSION = 5.0;
				TARGETED_DEVICE_FAMILY = "1,2";
			};
			name = Debug;
		};
		919BE0132720562300800A86 /* Release */ = {
			isa = XCBuildConfiguration;
			buildSettings = {
				ASSETCATALOG_COMPILER_APPICON_NAME = AppIcon;
				ASSETCATALOG_COMPILER_GLOBAL_ACCENT_COLOR_NAME = AccentColor;
				CODE_SIGN_STYLE = Automatic;
				CURRENT_PROJECT_VERSION = 1;
				DEVELOPMENT_ASSET_PATHS = "\"dreams/Preview Content\"";
				DEVELOPMENT_TEAM = 93HP7KN2HJ;
				ENABLE_PREVIEWS = YES;
				GENERATE_INFOPLIST_FILE = YES;
				INFOPLIST_KEY_UIApplicationSceneManifest_Generation = YES;
				INFOPLIST_KEY_UIApplicationSupportsIndirectInputEvents = YES;
				INFOPLIST_KEY_UILaunchScreen_Generation = YES;
				INFOPLIST_KEY_UISupportedInterfaceOrientations_iPad = "UIInterfaceOrientationPortrait UIInterfaceOrientationPortraitUpsideDown UIInterfaceOrientationLandscapeLeft UIInterfaceOrientationLandscapeRight";
				INFOPLIST_KEY_UISupportedInterfaceOrientations_iPhone = "UIInterfaceOrientationPortrait UIInterfaceOrientationLandscapeLeft UIInterfaceOrientationLandscapeRight";
				IPHONEOS_DEPLOYMENT_TARGET = 14.0;
				LD_RUNPATH_SEARCH_PATHS = (
					"$(inherited)",
					"@executable_path/Frameworks",
				);
				MARKETING_VERSION = 1.0;
				PRODUCT_BUNDLE_IDENTIFIER = pamapp.dreams;
				PRODUCT_NAME = "$(TARGET_NAME)";
				SWIFT_EMIT_LOC_STRINGS = YES;
				SWIFT_VERSION = 5.0;
				TARGETED_DEVICE_FAMILY = "1,2";
			};
			name = Release;
		};
/* End XCBuildConfiguration section */

/* Begin XCConfigurationList section */
		919BDFF92720561E00800A86 /* Build configuration list for PBXProject "dreams" */ = {
			isa = XCConfigurationList;
			buildConfigurations = (
				919BE00F2720562300800A86 /* Debug */,
				919BE0102720562300800A86 /* Release */,
			);
			defaultConfigurationIsVisible = 0;
			defaultConfigurationName = Release;
		};
		919BE0112720562300800A86 /* Build configuration list for PBXNativeTarget "dreams" */ = {
			isa = XCConfigurationList;
			buildConfigurations = (
				919BE0122720562300800A86 /* Debug */,
				919BE0132720562300800A86 /* Release */,
			);
			defaultConfigurationIsVisible = 0;
			defaultConfigurationName = Release;
		};
/* End XCConfigurationList section */

/* Begin XCVersionGroup section */
		919BE00C2720562300800A86 /* dreams.xcdatamodeld */ = {
			isa = XCVersionGroup;
			children = (
				919BE00D2720562300800A86 /* dreams.xcdatamodel */,
			);
			currentVersion = 919BE00D2720562300800A86 /* dreams.xcdatamodel */;
			path = dreams.xcdatamodeld;
			sourceTree = "<group>";
			versionGroupType = wrapper.xcdatamodel;
		};
/* End XCVersionGroup section */
	};
	rootObject = 919BDFF62720561E00800A86 /* Project object */;
}
